{
  "requires": true,
  "lockfileVersion": 1,
  "dependencies": {
    "@vant/touch-emulator": {
      "version": "1.2.0",
      "resolved": "https://registry.npmjs.org/@vant/touch-emulator/-/touch-emulator-1.2.0.tgz",
      "integrity": "sha512-sJ97zU85zOq51qoi7+CpBEcOyH3CitjP1KC7/GQwqaurUJni+EP7/F9n0HMnAh8GXMjgtgDBNJ5z48x+coNKYQ=="
    }
  }
}
